
Microsoft Visual Studio Solution File, Format Version 12.00
# Visual Studio Version 16
VisualStudioVersion = 16.0.30621.155
MinimumVisualStudioVersion = 10.0.40219.1
Project("{FAE04EC0-301F-11D3-BF4B-00C04F79EFBC}") = "GuessTheNumber", "GuessTheNumber\GuessTheNumber.csproj", "{737072F8-224A-43D9-AEA3-17F87955AE41}"
EndProject
Global
	GlobalSection(SolutionConfigurationPlatforms) = preSolution
		Debug|Any CPU = Debug|Any CPU
		Release|Any CPU = Release|Any CPU
	EndGlobalSection
	GlobalSection(ProjectConfigurationPlatforms) = postSolution
		{737072F8-224A-43D9-AEA3-17F87955AE41}.Debug|Any CPU.ActiveCfg = Debug|Any CPU
		{737072F8-224A-43D9-AEA3-17F87955AE41}.Debug|Any CPU.Build.0 = Debug|Any CPU
		{737072F8-224A-43D9-AEA3-17F87955AE41}.Release|Any CPU.ActiveCfg = Release|Any CPU
		{737072F8-224A-43D9-AEA3-17F87955AE41}.Release|Any CPU.Build.0 = Release|Any CPU
	EndGlobalSection
	GlobalSection(SolutionProperties) = preSolution
		HideSolutionNode = FALSE
	EndGlobalSection
	GlobalSection(ExtensibilityGlobals) = postSolution
		SolutionGuid = {0AD25488-32CD-4AF7-B983-37DAE1419052}
	EndGlobalSection
EndGlobal
