
Microsoft Visual Studio Solution File, Format Version 12.00
# Visual Studio Version 16
VisualStudioVersion = 16.0.30621.155
MinimumVisualStudioVersion = 10.0.40219.1
Project("{FAE04EC0-301F-11D3-BF4B-00C04F79EFBC}") = "List", "List\List.csproj", "{872469CA-4829-4E6F-945A-84CD0AA8DF65}"
EndProject
Global
	GlobalSection(SolutionConfigurationPlatforms) = preSolution
		Debug|Any CPU = Debug|Any CPU
		Release|Any CPU = Release|Any CPU
	EndGlobalSection
	GlobalSection(ProjectConfigurationPlatforms) = postSolution
		{872469CA-4829-4E6F-945A-84CD0AA8DF65}.Debug|Any CPU.ActiveCfg = Debug|Any CPU
		{872469CA-4829-4E6F-945A-84CD0AA8DF65}.Debug|Any CPU.Build.0 = Debug|Any CPU
		{872469CA-4829-4E6F-945A-84CD0AA8DF65}.Release|Any CPU.ActiveCfg = Release|Any CPU
		{872469CA-4829-4E6F-945A-84CD0AA8DF65}.Release|Any CPU.Build.0 = Release|Any CPU
	EndGlobalSection
	GlobalSection(SolutionProperties) = preSolution
		HideSolutionNode = FALSE
	EndGlobalSection
	GlobalSection(ExtensibilityGlobals) = postSolution
		SolutionGuid = {0386F3D9-F12B-4943-AD37-300F9B946DD5}
	EndGlobalSection
EndGlobal
